// !$*UTF8*$!
{
	archiveVersion = 1;
	classes = {
	};
	objectVersion = 56;
	objects = {

/* Begin PBXBuildFile section */
		1F88D2F12C58BF810095DF42 /* Widget_StudyApp.swift in Sources */ = {isa = PBXBuildFile; fileRef = 1F88D2F02C58BF810095DF42 /* Widget_StudyApp.swift */; };
		1F88D2F32C58BF810095DF42 /* ContentView.swift in Sources */ = {isa = PBXBuildFile; fileRef = 1F88D2F22C58BF810095DF42 /* ContentView.swift */; };
		1F88D2F52C58BF820095DF42 /* Assets.xcassets in Resources */ = {isa = PBXBuildFile; fileRef = 1F88D2F42C58BF820095DF42 /* Assets.xcassets */; };
		1F88D2F92C58BF820095DF42 /* Preview Assets.xcassets in Resources */ = {isa = PBXBuildFile; fileRef = 1F88D2F82C58BF820095DF42 /* Preview Assets.xcassets */; };
		1F88D3062C58D2370095DF42 /* WidgetKit.framework in Frameworks */ = {isa = PBXBuildFile; fileRef = 1F88D3052C58D2370095DF42 /* WidgetKit.framework */; };
		1F88D3082C58D2370095DF42 /* SwiftUI.framework in Frameworks */ = {isa = PBXBuildFile; fileRef = 1F88D3072C58D2370095DF42 /* SwiftUI.framework */; };
		1F88D30B2C58D2370095DF42 /* IntentConfigurationWidgetBundle.swift in Sources */ = {isa = PBXBuildFile; fileRef = 1F88D30A2C58D2370095DF42 /* IntentConfigurationWidgetBundle.swift */; };
		1F88D30D2C58D2370095DF42 /* IntentConfigurationWidget.swift in Sources */ = {isa = PBXBuildFile; fileRef = 1F88D30C2C58D2370095DF42 /* IntentConfigurationWidget.swift */; };
		1F88D30F2C58D2370095DF42 /* AppIntent.swift in Sources */ = {isa = PBXBuildFile; fileRef = 1F88D30E2C58D2370095DF42 /* AppIntent.swift */; };
		1F88D3112C58D2380095DF42 /* Assets.xcassets in Resources */ = {isa = PBXBuildFile; fileRef = 1F88D3102C58D2380095DF42 /* Assets.xcassets */; };
		1F88D3162C58D2380095DF42 /* IntentConfigurationWidgetExtension.appex in Embed Foundation Extensions */ = {isa = PBXBuildFile; fileRef = 1F88D3032C58D2370095DF42 /* IntentConfigurationWidgetExtension.appex */; settings = {ATTRIBUTES = (RemoveHeadersOnCopy, ); }; };
		1F88D3202C58D4860095DF42 /* WidgetKit.framework in Frameworks */ = {isa = PBXBuildFile; fileRef = 1F88D3052C58D2370095DF42 /* WidgetKit.framework */; };
		1F88D3212C58D4860095DF42 /* SwiftUI.framework in Frameworks */ = {isa = PBXBuildFile; fileRef = 1F88D3072C58D2370095DF42 /* SwiftUI.framework */; };
		1F88D3242C58D4860095DF42 /* StaticConfigurationWidgetBundle.swift in Sources */ = {isa = PBXBuildFile; fileRef = 1F88D3232C58D4860095DF42 /* StaticConfigurationWidgetBundle.swift */; };
		1F88D3262C58D4860095DF42 /* StaticConfigurationWidget.swift in Sources */ = {isa = PBXBuildFile; fileRef = 1F88D3252C58D4860095DF42 /* StaticConfigurationWidget.swift */; };
		1F88D3282C58D4870095DF42 /* Assets.xcassets in Resources */ = {isa = PBXBuildFile; fileRef = 1F88D3272C58D4870095DF42 /* Assets.xcassets */; };
		1F88D32D2C58D4870095DF42 /* StaticConfigurationWidgetExtension.appex in Embed Foundation Extensions */ = {isa = PBXBuildFile; fileRef = 1F88D31F2C58D4860095DF42 /* StaticConfigurationWidgetExtension.appex */; settings = {ATTRIBUTES = (RemoveHeadersOnCopy, ); }; };
/* End PBXBuildFile section */

/* Begin PBXContainerItemProxy section */
		1F88D3142C58D2380095DF42 /* PBXContainerItemProxy */ = {
			isa = PBXContainerItemProxy;
			containerPortal = 1F88D2E52C58BF810095DF42 /* Project object */;
			proxyType = 1;
			remoteGlobalIDString = 1F88D3022C58D2370095DF42;
			remoteInfo = IntentConfigurationWidgetExtension;
		};
		1F88D32B2C58D4870095DF42 /* PBXContainerItemProxy */ = {
			isa = PBXContainerItemProxy;
			containerPortal = 1F88D2E52C58BF810095DF42 /* Project object */;
			proxyType = 1;
			remoteGlobalIDString = 1F88D31E2C58D4860095DF42;
			remoteInfo = StaticConfigurationWidgetExtension;
		};
/* End PBXContainerItemProxy section */

/* Begin PBXCopyFilesBuildPhase section */
		1F88D31A2C58D2380095DF42 /* Embed Foundation Extensions */ = {
			isa = PBXCopyFilesBuildPhase;
			buildActionMask = 2147483647;
			dstPath = "";
			dstSubfolderSpec = 13;
			files = (
				1F88D3162C58D2380095DF42 /* IntentConfigurationWidgetExtension.appex in Embed Foundation Extensions */,
				1F88D32D2C58D4870095DF42 /* StaticConfigurationWidgetExtension.appex in Embed Foundation Extensions */,
			);
			name = "Embed Foundation Extensions";
			runOnlyForDeploymentPostprocessing = 0;
		};
/* End PBXCopyFilesBuildPhase section */

/* Begin PBXFileReference section */
		1F88D2ED2C58BF810095DF42 /* Widget_Study.app */ = {isa = PBXFileReference; explicitFileType = wrapper.application; includeInIndex = 0; path = Widget_Study.app; sourceTree = BUILT_PRODUCTS_DIR; };
		1F88D2F02C58BF810095DF42 /* Widget_StudyApp.swift */ = {isa = PBXFileReference; lastKnownFileType = sourcecode.swift; path = Widget_StudyApp.swift; sourceTree = "<group>"; };
		1F88D2F22C58BF810095DF42 /* ContentView.swift */ = {isa = PBXFileReference; lastKnownFileType = sourcecode.swift; path = ContentView.swift; sourceTree = "<group>"; };
		1F88D2F42C58BF820095DF42 /* Assets.xcassets */ = {isa = PBXFileReference; lastKnownFileType = folder.assetcatalog; path = Assets.xcassets; sourceTree = "<group>"; };
		1F88D2F62C58BF820095DF42 /* Widget_Study.entitlements */ = {isa = PBXFileReference; lastKnownFileType = text.plist.entitlements; path = Widget_Study.entitlements; sourceTree = "<group>"; };
		1F88D2F82C58BF820095DF42 /* Preview Assets.xcassets */ = {isa = PBXFileReference; lastKnownFileType = folder.assetcatalog; path = "Preview Assets.xcassets"; sourceTree = "<group>"; };
		1F88D3032C58D2370095DF42 /* IntentConfigurationWidgetExtension.appex */ = {isa = PBXFileReference; explicitFileType = "wrapper.app-extension"; includeInIndex = 0; path = IntentConfigurationWidgetExtension.appex; sourceTree = BUILT_PRODUCTS_DIR; };
		1F88D3052C58D2370095DF42 /* WidgetKit.framework */ = {isa = PBXFileReference; lastKnownFileType = wrapper.framework; name = WidgetKit.framework; path = /System/Library/Frameworks/WidgetKit.framework; sourceTree = "<absolute>"; };
		1F88D3072C58D2370095DF42 /* SwiftUI.framework */ = {isa = PBXFileReference; lastKnownFileType = wrapper.framework; name = SwiftUI.framework; path = /System/Library/Frameworks/SwiftUI.framework; sourceTree = "<absolute>"; };
		1F88D30A2C58D2370095DF42 /* IntentConfigurationWidgetBundle.swift */ = {isa = PBXFileReference; lastKnownFileType = sourcecode.swift; path = IntentConfigurationWidgetBundle.swift; sourceTree = "<group>"; };
		1F88D30C2C58D2370095DF42 /* IntentConfigurationWidget.swift */ = {isa = PBXFileReference; lastKnownFileType = sourcecode.swift; path = IntentConfigurationWidget.swift; sourceTree = "<group>"; };
		1F88D30E2C58D2370095DF42 /* AppIntent.swift */ = {isa = PBXFileReference; lastKnownFileType = sourcecode.swift; path = AppIntent.swift; sourceTree = "<group>"; };
		1F88D3102C58D2380095DF42 /* Assets.xcassets */ = {isa = PBXFileReference; lastKnownFileType = folder.assetcatalog; path = Assets.xcassets; sourceTree = "<group>"; };
		1F88D3122C58D2380095DF42 /* Info.plist */ = {isa = PBXFileReference; lastKnownFileType = text.plist.xml; path = Info.plist; sourceTree = "<group>"; };
		1F88D3132C58D2380095DF42 /* IntentConfigurationWidget.entitlements */ = {isa = PBXFileReference; lastKnownFileType = text.plist.entitlements; path = IntentConfigurationWidget.entitlements; sourceTree = "<group>"; };
		1F88D31F2C58D4860095DF42 /* StaticConfigurationWidgetExtension.appex */ = {isa = PBXFileReference; explicitFileType = "wrapper.app-extension"; includeInIndex = 0; path = StaticConfigurationWidgetExtension.appex; sourceTree = BUILT_PRODUCTS_DIR; };
		1F88D3232C58D4860095DF42 /* StaticConfigurationWidgetBundle.swift */ = {isa = PBXFileReference; lastKnownFileType = sourcecode.swift; path = StaticConfigurationWidgetBundle.swift; sourceTree = "<group>"; };
		1F88D3252C58D4860095DF42 /* StaticConfigurationWidget.swift */ = {isa = PBXFileReference; lastKnownFileType = sourcecode.swift; path = StaticConfigurationWidget.swift; sourceTree = "<group>"; };
		1F88D3272C58D4870095DF42 /* Assets.xcassets */ = {isa = PBXFileReference; lastKnownFileType = folder.assetcatalog; path = Assets.xcassets; sourceTree = "<group>"; };
		1F88D3292C58D4870095DF42 /* Info.plist */ = {isa = PBXFileReference; lastKnownFileType = text.plist.xml; path = Info.plist; sourceTree = "<group>"; };
		1F88D32A2C58D4870095DF42 /* StaticConfigurationWidget.entitlements */ = {isa = PBXFileReference; lastKnownFileType = text.plist.entitlements; path = StaticConfigurationWidget.entitlements; sourceTree = "<group>"; };
/* End PBXFileReference section */

/* Begin PBXFrameworksBuildPhase section */
		1F88D2EA2C58BF810095DF42 /* Frameworks */ = {
			isa = PBXFrameworksBuildPhase;
			buildActionMask = 2147483647;
			files = (
			);
			runOnlyForDeploymentPostprocessing = 0;
		};
		1F88D3002C58D2370095DF42 /* Frameworks */ = {
			isa = PBXFrameworksBuildPhase;
			buildActionMask = 2147483647;
			files = (
				1F88D3082C58D2370095DF42 /* SwiftUI.framework in Frameworks */,
				1F88D3062C58D2370095DF42 /* WidgetKit.framework in Frameworks */,
			);
			runOnlyForDeploymentPostprocessing = 0;
		};
		1F88D31C2C58D4860095DF42 /* Frameworks */ = {
			isa = PBXFrameworksBuildPhase;
			buildActionMask = 2147483647;
			files = (
				1F88D3212C58D4860095DF42 /* SwiftUI.framework in Frameworks */,
				1F88D3202C58D4860095DF42 /* WidgetKit.framework in Frameworks */,
			);
			runOnlyForDeploymentPostprocessing = 0;
		};
/* End PBXFrameworksBuildPhase section */

/* Begin PBXGroup section */
		1F88D2E42C58BF810095DF42 = {
			isa = PBXGroup;
			children = (
				1F88D2EF2C58BF810095DF42 /* Widget_Study */,
				1F88D3092C58D2370095DF42 /* IntentConfigurationWidget */,
				1F88D3222C58D4860095DF42 /* StaticConfigurationWidget */,
				1F88D3042C58D2370095DF42 /* Frameworks */,
				1F88D2EE2C58BF810095DF42 /* Products */,
			);
			sourceTree = "<group>";
		};
		1F88D2EE2C58BF810095DF42 /* Products */ = {
			isa = PBXGroup;
			children = (
				1F88D2ED2C58BF810095DF42 /* Widget_Study.app */,
				1F88D3032C58D2370095DF42 /* IntentConfigurationWidgetExtension.appex */,
				1F88D31F2C58D4860095DF42 /* StaticConfigurationWidgetExtension.appex */,
			);
			name = Products;
			sourceTree = "<group>";
		};
		1F88D2EF2C58BF810095DF42 /* Widget_Study */ = {
			isa = PBXGroup;
			children = (
				1F88D2F02C58BF810095DF42 /* Widget_StudyApp.swift */,
				1F88D2F22C58BF810095DF42 /* ContentView.swift */,
				1F88D2F42C58BF820095DF42 /* Assets.xcassets */,
				1F88D2F62C58BF820095DF42 /* Widget_Study.entitlements */,
				1F88D2F72C58BF820095DF42 /* Preview Content */,
			);
			path = Widget_Study;
			sourceTree = "<group>";
		};
		1F88D2F72C58BF820095DF42 /* Preview Content */ = {
			isa = PBXGroup;
			children = (
				1F88D2F82C58BF820095DF42 /* Preview Assets.xcassets */,
			);
			path = "Preview Content";
			sourceTree = "<group>";
		};
		1F88D3042C58D2370095DF42 /* Frameworks */ = {
			isa = PBXGroup;
			children = (
				1F88D3052C58D2370095DF42 /* WidgetKit.framework */,
				1F88D3072C58D2370095DF42 /* SwiftUI.framework */,
			);
			name = Frameworks;
			sourceTree = "<group>";
		};
		1F88D3092C58D2370095DF42 /* IntentConfigurationWidget */ = {
			isa = PBXGroup;
			children = (
				1F88D30A2C58D2370095DF42 /* IntentConfigurationWidgetBundle.swift */,
				1F88D30C2C58D2370095DF42 /* IntentConfigurationWidget.swift */,
				1F88D30E2C58D2370095DF42 /* AppIntent.swift */,
				1F88D3102C58D2380095DF42 /* Assets.xcassets */,
				1F88D3122C58D2380095DF42 /* Info.plist */,
				1F88D3132C58D2380095DF42 /* IntentConfigurationWidget.entitlements */,
			);
			path = IntentConfigurationWidget;
			sourceTree = "<group>";
		};
		1F88D3222C58D4860095DF42 /* StaticConfigurationWidget */ = {
			isa = PBXGroup;
			children = (
				1F88D3232C58D4860095DF42 /* StaticConfigurationWidgetBundle.swift */,
				1F88D3252C58D4860095DF42 /* StaticConfigurationWidget.swift */,
				1F88D3272C58D4870095DF42 /* Assets.xcassets */,
				1F88D3292C58D4870095DF42 /* Info.plist */,
				1F88D32A2C58D4870095DF42 /* StaticConfigurationWidget.entitlements */,
			);
			path = StaticConfigurationWidget;
			sourceTree = "<group>";
		};
/* End PBXGroup section */

/* Begin PBXNativeTarget section */
		1F88D2EC2C58BF810095DF42 /* Widget_Study */ = {
			isa = PBXNativeTarget;
			buildConfigurationList = 1F88D2FC2C58BF820095DF42 /* Build configuration list for PBXNativeTarget "Widget_Study" */;
			buildPhases = (
				1F88D2E92C58BF810095DF42 /* Sources */,
				1F88D2EA2C58BF810095DF42 /* Frameworks */,
				1F88D2EB2C58BF810095DF42 /* Resources */,
				1F88D31A2C58D2380095DF42 /* Embed Foundation Extensions */,
			);
			buildRules = (
			);
			dependencies = (
				1F88D3152C58D2380095DF42 /* PBXTargetDependency */,
				1F88D32C2C58D4870095DF42 /* PBXTargetDependency */,
			);
			name = Widget_Study;
			productName = Widget_Study;
			productReference = 1F88D2ED2C58BF810095DF42 /* Widget_Study.app */;
			productType = "com.apple.product-type.application";
		};
		1F88D3022C58D2370095DF42 /* IntentConfigurationWidgetExtension */ = {
			isa = PBXNativeTarget;
			buildConfigurationList = 1F88D3172C58D2380095DF42 /* Build configuration list for PBXNativeTarget "IntentConfigurationWidgetExtension" */;
			buildPhases = (
				1F88D2FF2C58D2370095DF42 /* Sources */,
				1F88D3002C58D2370095DF42 /* Frameworks */,
				1F88D3012C58D2370095DF42 /* Resources */,
			);
			buildRules = (
			);
			dependencies = (
			);
			name = IntentConfigurationWidgetExtension;
			productName = IntentConfigurationWidgetExtension;
			productReference = 1F88D3032C58D2370095DF42 /* IntentConfigurationWidgetExtension.appex */;
			productType = "com.apple.product-type.app-extension";
		};
		1F88D31E2C58D4860095DF42 /* StaticConfigurationWidgetExtension */ = {
			isa = PBXNativeTarget;
			buildConfigurationList = 1F88D32E2C58D4870095DF42 /* Build configuration list for PBXNativeTarget "StaticConfigurationWidgetExtension" */;
			buildPhases = (
				1F88D31B2C58D4860095DF42 /* Sources */,
				1F88D31C2C58D4860095DF42 /* Frameworks */,
				1F88D31D2C58D4860095DF42 /* Resources */,
			);
			buildRules = (
			);
			dependencies = (
			);
			name = StaticConfigurationWidgetExtension;
			productName = StaticConfigurationWidgetExtension;
			productReference = 1F88D31F2C58D4860095DF42 /* StaticConfigurationWidgetExtension.appex */;
			productType = "com.apple.product-type.app-extension";
		};
/* End PBXNativeTarget section */

/* Begin PBXProject section */
		1F88D2E52C58BF810095DF42 /* Project object */ = {
			isa = PBXProject;
			attributes = {
				BuildIndependentTargetsInParallel = 1;
				LastSwiftUpdateCheck = 1540;
				LastUpgradeCheck = 1540;
				TargetAttributes = {
					1F88D2EC2C58BF810095DF42 = {
						CreatedOnToolsVersion = 15.4;
					};
					1F88D3022C58D2370095DF42 = {
						CreatedOnToolsVersion = 15.4;
					};
					1F88D31E2C58D4860095DF42 = {
						CreatedOnToolsVersion = 15.4;
					};
				};
			};
			buildConfigurationList = 1F88D2E82C58BF810095DF42 /* Build configuration list for PBXProject "Widget_Study" */;
			compatibilityVersion = "Xcode 14.0";
			developmentRegion = en;
			hasScannedForEncodings = 0;
			knownRegions = (
				en,
				Base,
			);
			mainGroup = 1F88D2E42C58BF810095DF42;
			productRefGroup = 1F88D2EE2C58BF810095DF42 /* Products */;
			projectDirPath = "";
			projectRoot = "";
			targets = (
				1F88D2EC2C58BF810095DF42 /* Widget_Study */,
				1F88D3022C58D2370095DF42 /* IntentConfigurationWidgetExtension */,
				1F88D31E2C58D4860095DF42 /* StaticConfigurationWidgetExtension */,
			);
		};
/* End PBXProject section */

/* Begin PBXResourcesBuildPhase section */
		1F88D2EB2C58BF810095DF42 /* Resources */ = {
			isa = PBXResourcesBuildPhase;
			buildActionMask = 2147483647;
			files = (
				1F88D2F92C58BF820095DF42 /* Preview Assets.xcassets in Resources */,
				1F88D2F52C58BF820095DF42 /* Assets.xcassets in Resources */,
			);
			runOnlyForDeploymentPostprocessing = 0;
		};
		1F88D3012C58D2370095DF42 /* Resources */ = {
			isa = PBXResourcesBuildPhase;
			buildActionMask = 2147483647;
			files = (
				1F88D3112C58D2380095DF42 /* Assets.xcassets in Resources */,
			);
			runOnlyForDeploymentPostprocessing = 0;
		};
		1F88D31D2C58D4860095DF42 /* Resources */ = {
			isa = PBXResourcesBuildPhase;
			buildActionMask = 2147483647;
			files = (
				1F88D3282C58D4870095DF42 /* Assets.xcassets in Resources */,
			);
			runOnlyForDeploymentPostprocessing = 0;
		};
/* End PBXResourcesBuildPhase section */

/* Begin PBXSourcesBuildPhase section */
		1F88D2E92C58BF810095DF42 /* Sources */ = {
			isa = PBXSourcesBuildPhase;
			buildActionMask = 2147483647;
			files = (
				1F88D2F32C58BF810095DF42 /* ContentView.swift in Sources */,
				1F88D2F12C58BF810095DF42 /* Widget_StudyApp.swift in Sources */,
			);
			runOnlyForDeploymentPostprocessing = 0;
		};
		1F88D2FF2C58D2370095DF42 /* Sources */ = {
			isa = PBXSourcesBuildPhase;
			buildActionMask = 2147483647;
			files = (
				1F88D30D2C58D2370095DF42 /* IntentConfigurationWidget.swift in Sources */,
				1F88D30B2C58D2370095DF42 /* IntentConfigurationWidgetBundle.swift in Sources */,
				1F88D30F2C58D2370095DF42 /* AppIntent.swift in Sources */,
			);
			runOnlyForDeploymentPostprocessing = 0;
		};
		1F88D31B2C58D4860095DF42 /* Sources */ = {
			isa = PBXSourcesBuildPhase;
			buildActionMask = 2147483647;
			files = (
				1F88D3262C58D4860095DF42 /* StaticConfigurationWidget.swift in Sources */,
				1F88D3242C58D4860095DF42 /* StaticConfigurationWidgetBundle.swift in Sources */,
			);
			runOnlyForDeploymentPostprocessing = 0;
		};
/* End PBXSourcesBuildPhase section */

/* Begin PBXTargetDependency section */
		1F88D3152C58D2380095DF42 /* PBXTargetDependency */ = {
			isa = PBXTargetDependency;
			target = 1F88D3022C58D2370095DF42 /* IntentConfigurationWidgetExtension */;
			targetProxy = 1F88D3142C58D2380095DF42 /* PBXContainerItemProxy */;
		};
		1F88D32C2C58D4870095DF42 /* PBXTargetDependency */ = {
			isa = PBXTargetDependency;
			target = 1F88D31E2C58D4860095DF42 /* StaticConfigurationWidgetExtension */;
			targetProxy = 1F88D32B2C58D4870095DF42 /* PBXContainerItemProxy */;
		};
/* End PBXTargetDependency section */

/* Begin XCBuildConfiguration section */
		1F88D2FA2C58BF820095DF42 /* Debug */ = {
			isa = XCBuildConfiguration;
			buildSettings = {
				ALWAYS_SEARCH_USER_PATHS = NO;
				ASSETCATALOG_COMPILER_GENERATE_SWIFT_ASSET_SYMBOL_EXTENSIONS = YES;
				CLANG_ANALYZER_NONNULL = YES;
				CLANG_ANALYZER_NUMBER_OBJECT_CONVERSION = YES_AGGRESSIVE;
				CLANG_CXX_LANGUAGE_STANDARD = "gnu++20";
				CLANG_ENABLE_MODULES = YES;
				CLANG_ENABLE_OBJC_ARC = YES;
				CLANG_ENABLE_OBJC_WEAK = YES;
				CLANG_WARN_BLOCK_CAPTURE_AUTORELEASING = YES;
				CLANG_WARN_BOOL_CONVERSION = YES;
				CLANG_WARN_COMMA = YES;
				CLANG_WARN_CONSTANT_CONVERSION = YES;
				CLANG_WARN_DEPRECATED_OBJC_IMPLEMENTATIONS = YES;
				CLANG_WARN_DIRECT_OBJC_ISA_USAGE = YES_ERROR;
				CLANG_WARN_DOCUMENTATION_COMMENTS = YES;
				CLANG_WARN_EMPTY_BODY = YES;
				CLANG_WARN_ENUM_CONVERSION = YES;
				CLANG_WARN_INFINITE_RECURSION = YES;
				CLANG_WARN_INT_CONVERSION = YES;
				CLANG_WARN_NON_LITERAL_NULL_CONVERSION = YES;
				CLANG_WARN_OBJC_IMPLICIT_RETAIN_SELF = YES;
				CLANG_WARN_OBJC_LITERAL_CONVERSION = YES;
				CLANG_WARN_OBJC_ROOT_CLASS = YES_ERROR;
				CLANG_WARN_QUOTED_INCLUDE_IN_FRAMEWORK_HEADER = YES;
				CLANG_WARN_RANGE_LOOP_ANALYSIS = YES;
				CLANG_WARN_STRICT_PROTOTYPES = YES;
				CLANG_WARN_SUSPICIOUS_MOVE = YES;
				CLANG_WARN_UNGUARDED_AVAILABILITY = YES_AGGRESSIVE;
				CLANG_WARN_UNREACHABLE_CODE = YES;
				CLANG_WARN__DUPLICATE_METHOD_MATCH = YES;
				COPY_PHASE_STRIP = NO;
				DEBUG_INFORMATION_FORMAT = dwarf;
				ENABLE_STRICT_OBJC_MSGSEND = YES;
				ENABLE_TESTABILITY = YES;
				ENABLE_USER_SCRIPT_SANDBOXING = YES;
				GCC_C_LANGUAGE_STANDARD = gnu17;
				GCC_DYNAMIC_NO_PIC = NO;
				GCC_NO_COMMON_BLOCKS = YES;
				GCC_OPTIMIZATION_LEVEL = 0;
				GCC_PREPROCESSOR_DEFINITIONS = (
					"DEBUG=1",
					"$(inherited)",
				);
				GCC_WARN_64_TO_32_BIT_CONVERSION = YES;
				GCC_WARN_ABOUT_RETURN_TYPE = YES_ERROR;
				GCC_WARN_UNDECLARED_SELECTOR = YES;
				GCC_WARN_UNINITIALIZED_AUTOS = YES_AGGRESSIVE;
				GCC_WARN_UNUSED_FUNCTION = YES;
				GCC_WARN_UNUSED_VARIABLE = YES;
				LOCALIZATION_PREFERS_STRING_CATALOGS = YES;
				MTL_ENABLE_DEBUG_INFO = INCLUDE_SOURCE;
				MTL_FAST_MATH = YES;
				ONLY_ACTIVE_ARCH = YES;
				SWIFT_ACTIVE_COMPILATION_CONDITIONS = "DEBUG $(inherited)";
				SWIFT_OPTIMIZATION_LEVEL = "-Onone";
			};
			name = Debug;
		};
		1F88D2FB2C58BF820095DF42 /* Release */ = {
			isa = XCBuildConfiguration;
			buildSettings = {
				ALWAYS_SEARCH_USER_PATHS = NO;
				ASSETCATALOG_COMPILER_GENERATE_SWIFT_ASSET_SYMBOL_EXTENSIONS = YES;
				CLANG_ANALYZER_NONNULL = YES;
				CLANG_ANALYZER_NUMBER_OBJECT_CONVERSION = YES_AGGRESSIVE;
				CLANG_CXX_LANGUAGE_STANDARD = "gnu++20";
				CLANG_ENABLE_MODULES = YES;
				CLANG_ENABLE_OBJC_ARC = YES;
				CLANG_ENABLE_OBJC_WEAK = YES;
				CLANG_WARN_BLOCK_CAPTURE_AUTORELEASING = YES;
				CLANG_WARN_BOOL_CONVERSION = YES;
				CLANG_WARN_COMMA = YES;
				CLANG_WARN_CONSTANT_CONVERSION = YES;
				CLANG_WARN_DEPRECATED_OBJC_IMPLEMENTATIONS = YES;
				CLANG_WARN_DIRECT_OBJC_ISA_USAGE = YES_ERROR;
				CLANG_WARN_DOCUMENTATION_COMMENTS = YES;
				CLANG_WARN_EMPTY_BODY = YES;
				CLANG_WARN_ENUM_CONVERSION = YES;
				CLANG_WARN_INFINITE_RECURSION = YES;
				CLANG_WARN_INT_CONVERSION = YES;
				CLANG_WARN_NON_LITERAL_NULL_CONVERSION = YES;
				CLANG_WARN_OBJC_IMPLICIT_RETAIN_SELF = YES;
				CLANG_WARN_OBJC_LITERAL_CONVERSION = YES;
				CLANG_WARN_OBJC_ROOT_CLASS = YES_ERROR;
				CLANG_WARN_QUOTED_INCLUDE_IN_FRAMEWORK_HEADER = YES;
				CLANG_WARN_RANGE_LOOP_ANALYSIS = YES;
				CLANG_WARN_STRICT_PROTOTYPES = YES;
				CLANG_WARN_SUSPICIOUS_MOVE = YES;
				CLANG_WARN_UNGUARDED_AVAILABILITY = YES_AGGRESSIVE;
				CLANG_WARN_UNREACHABLE_CODE = YES;
				CLANG_WARN__DUPLICATE_METHOD_MATCH = YES;
				COPY_PHASE_STRIP = NO;
				DEBUG_INFORMATION_FORMAT = "dwarf-with-dsym";
				ENABLE_NS_ASSERTIONS = NO;
				ENABLE_STRICT_OBJC_MSGSEND = YES;
				ENABLE_USER_SCRIPT_SANDBOXING = YES;
				GCC_C_LANGUAGE_STANDARD = gnu17;
				GCC_NO_COMMON_BLOCKS = YES;
				GCC_WARN_64_TO_32_BIT_CONVERSION = YES;
				GCC_WARN_ABOUT_RETURN_TYPE = YES_ERROR;
				GCC_WARN_UNDECLARED_SELECTOR = YES;
				GCC_WARN_UNINITIALIZED_AUTOS = YES_AGGRESSIVE;
				GCC_WARN_UNUSED_FUNCTION = YES;
				GCC_WARN_UNUSED_VARIABLE = YES;
				LOCALIZATION_PREFERS_STRING_CATALOGS = YES;
				MTL_ENABLE_DEBUG_INFO = NO;
				MTL_FAST_MATH = YES;
				SWIFT_COMPILATION_MODE = wholemodule;
			};
			name = Release;
		};
		1F88D2FD2C58BF820095DF42 /* Debug */ = {
			isa = XCBuildConfiguration;
			buildSettings = {
				ALWAYS_EMBED_SWIFT_STANDARD_LIBRARIES = YES;
				ASSETCATALOG_COMPILER_APPICON_NAME = AppIcon;
				ASSETCATALOG_COMPILER_GLOBAL_ACCENT_COLOR_NAME = AccentColor;
				CODE_SIGN_ENTITLEMENTS = Widget_Study/Widget_Study.entitlements;
				CODE_SIGN_STYLE = Automatic;
				CURRENT_PROJECT_VERSION = 1;
				DEVELOPMENT_ASSET_PATHS = "\"Widget_Study/Preview Content\"";
				ENABLE_PREVIEWS = YES;
				GENERATE_INFOPLIST_FILE = YES;
				"INFOPLIST_KEY_UIApplicationSceneManifest_Generation[sdk=iphoneos*]" = YES;
				"INFOPLIST_KEY_UIApplicationSceneManifest_Generation[sdk=iphonesimulator*]" = YES;
				"INFOPLIST_KEY_UIApplicationSupportsIndirectInputEvents[sdk=iphoneos*]" = YES;
				"INFOPLIST_KEY_UIApplicationSupportsIndirectInputEvents[sdk=iphonesimulator*]" = YES;
				"INFOPLIST_KEY_UILaunchScreen_Generation[sdk=iphoneos*]" = YES;
				"INFOPLIST_KEY_UILaunchScreen_Generation[sdk=iphonesimulator*]" = YES;
				"INFOPLIST_KEY_UIStatusBarStyle[sdk=iphoneos*]" = UIStatusBarStyleDefault;
				"INFOPLIST_KEY_UIStatusBarStyle[sdk=iphonesimulator*]" = UIStatusBarStyleDefault;
				INFOPLIST_KEY_UISupportedInterfaceOrientations_iPad = "UIInterfaceOrientationPortrait UIInterfaceOrientationPortraitUpsideDown UIInterfaceOrientationLandscapeLeft UIInterfaceOrientationLandscapeRight";
				INFOPLIST_KEY_UISupportedInterfaceOrientations_iPhone = "UIInterfaceOrientationPortrait UIInterfaceOrientationLandscapeLeft UIInterfaceOrientationLandscapeRight";
				IPHONEOS_DEPLOYMENT_TARGET = 17.5;
				LD_RUNPATH_SEARCH_PATHS = "@executable_path/Frameworks";
				"LD_RUNPATH_SEARCH_PATHS[sdk=macosx*]" = "@executable_path/../Frameworks";
				MACOSX_DEPLOYMENT_TARGET = 14.5;
				MARKETING_VERSION = 1.0;
				PRODUCT_BUNDLE_IDENTIFIER = "com.gmail.sunjoon96.Widget-Study";
				PRODUCT_NAME = "$(TARGET_NAME)";
				SDKROOT = auto;
				SUPPORTED_PLATFORMS = "iphoneos iphonesimulator macosx";
				SWIFT_EMIT_LOC_STRINGS = YES;
				SWIFT_VERSION = 5.0;
				TARGETED_DEVICE_FAMILY = "1,2";
			};
			name = Debug;
		};
		1F88D2FE2C58BF820095DF42 /* Release */ = {
			isa = XCBuildConfiguration;
			buildSettings = {
				ALWAYS_EMBED_SWIFT_STANDARD_LIBRARIES = YES;
				ASSETCATALOG_COMPILER_APPICON_NAME = AppIcon;
				ASSETCATALOG_COMPILER_GLOBAL_ACCENT_COLOR_NAME = AccentColor;
				CODE_SIGN_ENTITLEMENTS = Widget_Study/Widget_Study.entitlements;
				CODE_SIGN_STYLE = Automatic;
				CURRENT_PROJECT_VERSION = 1;
				DEVELOPMENT_ASSET_PATHS = "\"Widget_Study/Preview Content\"";
				ENABLE_PREVIEWS = YES;
				GENERATE_INFOPLIST_FILE = YES;
				"INFOPLIST_KEY_UIApplicationSceneManifest_Generation[sdk=iphoneos*]" = YES;
				"INFOPLIST_KEY_UIApplicationSceneManifest_Generation[sdk=iphonesimulator*]" = YES;
				"INFOPLIST_KEY_UIApplicationSupportsIndirectInputEvents[sdk=iphoneos*]" = YES;
				"INFOPLIST_KEY_UIApplicationSupportsIndirectInputEvents[sdk=iphonesimulator*]" = YES;
				"INFOPLIST_KEY_UILaunchScreen_Generation[sdk=iphoneos*]" = YES;
				"INFOPLIST_KEY_UILaunchScreen_Generation[sdk=iphonesimulator*]" = YES;
				"INFOPLIST_KEY_UIStatusBarStyle[sdk=iphoneos*]" = UIStatusBarStyleDefault;
				"INFOPLIST_KEY_UIStatusBarStyle[sdk=iphonesimulator*]" = UIStatusBarStyleDefault;
				INFOPLIST_KEY_UISupportedInterfaceOrientations_iPad = "UIInterfaceOrientationPortrait UIInterfaceOrientationPortraitUpsideDown UIInterfaceOrientationLandscapeLeft UIInterfaceOrientationLandscapeRight";
				INFOPLIST_KEY_UISupportedInterfaceOrientations_iPhone = "UIInterfaceOrientationPortrait UIInterfaceOrientationLandscapeLeft UIInterfaceOrientationLandscapeRight";
				IPHONEOS_DEPLOYMENT_TARGET = 17.5;
				LD_RUNPATH_SEARCH_PATHS = "@executable_path/Frameworks";
				"LD_RUNPATH_SEARCH_PATHS[sdk=macosx*]" = "@executable_path/../Frameworks";
				MACOSX_DEPLOYMENT_TARGET = 14.5;
				MARKETING_VERSION = 1.0;
				PRODUCT_BUNDLE_IDENTIFIER = "com.gmail.sunjoon96.Widget-Study";
				PRODUCT_NAME = "$(TARGET_NAME)";
				SDKROOT = auto;
				SUPPORTED_PLATFORMS = "iphoneos iphonesimulator macosx";
				SWIFT_EMIT_LOC_STRINGS = YES;
				SWIFT_VERSION = 5.0;
				TARGETED_DEVICE_FAMILY = "1,2";
			};
			name = Release;
		};
		1F88D3182C58D2380095DF42 /* Debug */ = {
			isa = XCBuildConfiguration;
			buildSettings = {
				ASSETCATALOG_COMPILER_GLOBAL_ACCENT_COLOR_NAME = AccentColor;
				ASSETCATALOG_COMPILER_WIDGET_BACKGROUND_COLOR_NAME = WidgetBackground;
				CODE_SIGN_ENTITLEMENTS = IntentConfigurationWidget/IntentConfigurationWidget.entitlements;
				CODE_SIGN_STYLE = Automatic;
				CURRENT_PROJECT_VERSION = 1;
				GENERATE_INFOPLIST_FILE = YES;
				INFOPLIST_FILE = IntentConfigurationWidget/Info.plist;
				INFOPLIST_KEY_CFBundleDisplayName = IntentConfigurationWidget;
				INFOPLIST_KEY_NSHumanReadableCopyright = "";
				IPHONEOS_DEPLOYMENT_TARGET = 17.5;
				LD_RUNPATH_SEARCH_PATHS = (
					"$(inherited)",
					"@executable_path/Frameworks",
					"@executable_path/../../Frameworks",
				);
				"LD_RUNPATH_SEARCH_PATHS[sdk=macosx*]" = (
					"$(inherited)",
					"@executable_path/../Frameworks",
					"@executable_path/../../../../Frameworks",
				);
				MACOSX_DEPLOYMENT_TARGET = 14.0;
				MARKETING_VERSION = 1.0;
				PRODUCT_BUNDLE_IDENTIFIER = "com.gmail.sunjoon96.Widget-Study.IntentConfigurationWidget";
				PRODUCT_NAME = "$(TARGET_NAME)";
				SDKROOT = auto;
				SKIP_INSTALL = YES;
				SUPPORTED_PLATFORMS = "iphoneos iphonesimulator macosx";
				SWIFT_EMIT_LOC_STRINGS = YES;
				SWIFT_VERSION = 5.0;
				TARGETED_DEVICE_FAMILY = "1,2";
			};
			name = Debug;
		};
		1F88D3192C58D2380095DF42 /* Release */ = {
			isa = XCBuildConfiguration;
			buildSettings = {
				ASSETCATALOG_COMPILER_GLOBAL_ACCENT_COLOR_NAME = AccentColor;
				ASSETCATALOG_COMPILER_WIDGET_BACKGROUND_COLOR_NAME = WidgetBackground;
				CODE_SIGN_ENTITLEMENTS = IntentConfigurationWidget/IntentConfigurationWidget.entitlements;
				CODE_SIGN_STYLE = Automatic;
				CURRENT_PROJECT_VERSION = 1;
				GENERATE_INFOPLIST_FILE = YES;
				INFOPLIST_FILE = IntentConfigurationWidget/Info.plist;
				INFOPLIST_KEY_CFBundleDisplayName = IntentConfigurationWidget;
				INFOPLIST_KEY_NSHumanReadableCopyright = "";
				IPHONEOS_DEPLOYMENT_TARGET = 17.5;
				LD_RUNPATH_SEARCH_PATHS = (
					"$(inherited)",
					"@executable_path/Frameworks",
					"@executable_path/../../Frameworks",
				);
				"LD_RUNPATH_SEARCH_PATHS[sdk=macosx*]" = (
					"$(inherited)",
					"@executable_path/../Frameworks",
					"@executable_path/../../../../Frameworks",
				);
				MACOSX_DEPLOYMENT_TARGET = 14.0;
				MARKETING_VERSION = 1.0;
				PRODUCT_BUNDLE_IDENTIFIER = "com.gmail.sunjoon96.Widget-Study.IntentConfigurationWidget";
				PRODUCT_NAME = "$(TARGET_NAME)";
				SDKROOT = auto;
				SKIP_INSTALL = YES;
				SUPPORTED_PLATFORMS = "iphoneos iphonesimulator macosx";
				SWIFT_EMIT_LOC_STRINGS = YES;
				SWIFT_VERSION = 5.0;
				TARGETED_DEVICE_FAMILY = "1,2";
			};
			name = Release;
		};
		1F88D32F2C58D4870095DF42 /* Debug */ = {
			isa = XCBuildConfiguration;
			buildSettings = {
				ASSETCATALOG_COMPILER_GLOBAL_ACCENT_COLOR_NAME = AccentColor;
				ASSETCATALOG_COMPILER_WIDGET_BACKGROUND_COLOR_NAME = WidgetBackground;
				CODE_SIGN_ENTITLEMENTS = StaticConfigurationWidget/StaticConfigurationWidget.entitlements;
				CODE_SIGN_STYLE = Automatic;
				CURRENT_PROJECT_VERSION = 1;
				GENERATE_INFOPLIST_FILE = YES;
				INFOPLIST_FILE = StaticConfigurationWidget/Info.plist;
				INFOPLIST_KEY_CFBundleDisplayName = StaticConfigurationWidget;
				INFOPLIST_KEY_NSHumanReadableCopyright = "";
				IPHONEOS_DEPLOYMENT_TARGET = 17.5;
				LD_RUNPATH_SEARCH_PATHS = (
					"$(inherited)",
					"@executable_path/Frameworks",
					"@executable_path/../../Frameworks",
				);
				"LD_RUNPATH_SEARCH_PATHS[sdk=macosx*]" = (
					"$(inherited)",
					"@executable_path/../Frameworks",
					"@executable_path/../../../../Frameworks",
				);
				MACOSX_DEPLOYMENT_TARGET = 14.5;
				MARKETING_VERSION = 1.0;
				PRODUCT_BUNDLE_IDENTIFIER = "com.gmail.sunjoon96.Widget-Study.StaticConfigurationWidget";
				PRODUCT_NAME = "$(TARGET_NAME)";
				SDKROOT = auto;
				SKIP_INSTALL = YES;
				SUPPORTED_PLATFORMS = "iphoneos iphonesimulator macosx";
				SWIFT_EMIT_LOC_STRINGS = YES;
				SWIFT_VERSION = 5.0;
				TARGETED_DEVICE_FAMILY = "1,2";
			};
			name = Debug;
		};
		1F88D3302C58D4870095DF42 /* Release */ = {
			isa = XCBuildConfiguration;
			buildSettings = {
				ASSETCATALOG_COMPILER_GLOBAL_ACCENT_COLOR_NAME = AccentColor;
				ASSETCATALOG_COMPILER_WIDGET_BACKGROUND_COLOR_NAME = WidgetBackground;
				CODE_SIGN_ENTITLEMENTS = StaticConfigurationWidget/StaticConfigurationWidget.entitlements;
				CODE_SIGN_STYLE = Automatic;
				CURRENT_PROJECT_VERSION = 1;
				GENERATE_INFOPLIST_FILE = YES;
				INFOPLIST_FILE = StaticConfigurationWidget/Info.plist;
				INFOPLIST_KEY_CFBundleDisplayName = StaticConfigurationWidget;
				INFOPLIST_KEY_NSHumanReadableCopyright = "";
				IPHONEOS_DEPLOYMENT_TARGET = 17.5;
				LD_RUNPATH_SEARCH_PATHS = (
					"$(inherited)",
					"@executable_path/Frameworks",
					"@executable_path/../../Frameworks",
				);
				"LD_RUNPATH_SEARCH_PATHS[sdk=macosx*]" = (
					"$(inherited)",
					"@executable_path/../Frameworks",
					"@executable_path/../../../../Frameworks",
				);
				MACOSX_DEPLOYMENT_TARGET = 14.5;
				MARKETING_VERSION = 1.0;
				PRODUCT_BUNDLE_IDENTIFIER = "com.gmail.sunjoon96.Widget-Study.StaticConfigurationWidget";
				PRODUCT_NAME = "$(TARGET_NAME)";
				SDKROOT = auto;
				SKIP_INSTALL = YES;
				SUPPORTED_PLATFORMS = "iphoneos iphonesimulator macosx";
				SWIFT_EMIT_LOC_STRINGS = YES;
				SWIFT_VERSION = 5.0;
				TARGETED_DEVICE_FAMILY = "1,2";
			};
			name = Release;
		};
/* End XCBuildConfiguration section */

/* Begin XCConfigurationList section */
		1F88D2E82C58BF810095DF42 /* Build configuration list for PBXProject "Widget_Study" */ = {
			isa = XCConfigurationList;
			buildConfigurations = (
				1F88D2FA2C58BF820095DF42 /* Debug */,
				1F88D2FB2C58BF820095DF42 /* Release */,
			);
			defaultConfigurationIsVisible = 0;
			defaultConfigurationName = Release;
		};
		1F88D2FC2C58BF820095DF42 /* Build configuration list for PBXNativeTarget "Widget_Study" */ = {
			isa = XCConfigurationList;
			buildConfigurations = (
				1F88D2FD2C58BF820095DF42 /* Debug */,
				1F88D2FE2C58BF820095DF42 /* Release */,
			);
			defaultConfigurationIsVisible = 0;
			defaultConfigurationName = Release;
		};
		1F88D3172C58D2380095DF42 /* Build configuration list for PBXNativeTarget "IntentConfigurationWidgetExtension" */ = {
			isa = XCConfigurationList;
			buildConfigurations = (
				1F88D3182C58D2380095DF42 /* Debug */,
				1F88D3192C58D2380095DF42 /* Release */,
			);
			defaultConfigurationIsVisible = 0;
			defaultConfigurationName = Release;
		};
		1F88D32E2C58D4870095DF42 /* Build configuration list for PBXNativeTarget "StaticConfigurationWidgetExtension" */ = {
			isa = XCConfigurationList;
			buildConfigurations = (
				1F88D32F2C58D4870095DF42 /* Debug */,
				1F88D3302C58D4870095DF42 /* Release */,
			);
			defaultConfigurationIsVisible = 0;
			defaultConfigurationName = Release;
		};
/* End XCConfigurationList section */
	};
	rootObject = 1F88D2E52C58BF810095DF42 /* Project object */;
}
